
Microsoft Visual Studio Solution File, Format Version 12.00
# Visual Studio Version 17
VisualStudioVersion = 17.1.32407.343
MinimumVisualStudioVersion = 10.0.40219.1
Project("{2150E333-8FDC-42A3-9474-1A3956D46DE8}") = "Framework", "Framework", "{85C8BB2E-2987-4B6A-BD7C-D8F7F62719D2}"
EndProject
Project("{8BC9CEB8-8B4A-11D0-8D11-00A0C91BC942}") = "Core", "Framework\Core\Core.vcxproj", "{D804671C-CB48-4021-AE0A-BEE1F8697D92}"
EndProject
Project("{2150E333-8FDC-42A3-9474-1A3956D46DE8}") = "VGP242", "VGP242", "{DFBBEBE6-6A5B-4AE8-82F7-05D05F9CC4E7}"
EndProject
Project("{8BC9CEB8-8B4A-11D0-8D11-00A0C91BC942}") = "00_HelloWorld", "VGP242\00_HelloWorld\00_HelloWorld.vcxproj", "{900D0A65-0525-49A9-9380-C2726C2CAD47}"
EndProject
Project("{8BC9CEB8-8B4A-11D0-8D11-00A0C91BC942}") = "Math", "Framework\Math\Math.vcxproj", "{1A7D7784-2365-4E2E-8C4A-1BE05BFCDA0B}"
EndProject
Project("{2150E333-8FDC-42A3-9474-1A3956D46DE8}") = "UnitTests", "UnitTests", "{3B6B7282-FF6C-40D8-925D-E9D09A7BE70C}"
EndProject
Project("{8BC9CEB8-8B4A-11D0-8D11-00A0C91BC942}") = "MathTest", "UnitTests\MathTest\MathTest.vcxproj", "{3F95F9CD-8200-4BD6-BEFE-FD99739906E3}"
EndProject
Project("{2150E333-8FDC-42A3-9474-1A3956D46DE8}") = "Engine", "Engine", "{A833C53A-D9EE-4BF4-A056-07E4BE671797}"
EndProject
Project("{8BC9CEB8-8B4A-11D0-8D11-00A0C91BC942}") = "SAVAGE", "Engine\SAVAGE\SAVAGE.vcxproj", "{D3C2FF2B-B189-43AA-A918-EB685C5BAAC5}"
EndProject
Project("{8BC9CEB8-8B4A-11D0-8D11-00A0C91BC942}") = "01_HelloWindow", "VGP242\01_HelloWindow\01_HelloWindow.vcxproj", "{D5D746FE-797E-460B-82B2-A9E49C8647C2}"
EndProject
Project("{8BC9CEB8-8B4A-11D0-8D11-00A0C91BC942}") = "Graphics", "Framework\Graphics\Graphics.vcxproj", "{CE31A245-19E0-49A3-87F7-92E13F86C08A}"
EndProject
Project("{8BC9CEB8-8B4A-11D0-8D11-00A0C91BC942}") = "02_HelloDirectX", "VGP242\02_HelloDirectX\02_HelloDirectX.vcxproj", "{BF4CC6D2-173A-4BFC-BECD-03A5A650A58C}"
EndProject
Project("{2150E333-8FDC-42A3-9474-1A3956D46DE8}") = "External", "External", "{B7499B9B-96F3-405B-8F78-DE4450D2CBFC}"
EndProject
Project("{8BC9CEB8-8B4A-11D0-8D11-00A0C91BC942}") = "DirectXTK_Desktop_2019", "External\DirectXTK\DirectXTK_Desktop_2019.vcxproj", "{E0B52AE7-E160-4D32-BF3F-910B785E5A8E}"
EndProject
Project("{8BC9CEB8-8B4A-11D0-8D11-00A0C91BC942}") = "DirectXTKAudio_Desktop_2019_Win8", "External\DirectXTK\Audio\DirectXTKAudio_Desktop_2019_Win8.vcxproj", "{4F150A30-CECB-49D1-8283-6A3F57438CF5}"
EndProject
Project("{8BC9CEB8-8B4A-11D0-8D11-00A0C91BC942}") = "Input", "Framework\Input\Input.vcxproj", "{63A0BB4E-F840-46A8-B7B8-5868EB2F6ED1}"
EndProject
Project("{8BC9CEB8-8B4A-11D0-8D11-00A0C91BC942}") = "03_HelloTriangle", "VGP242\03_HelloTriangle\03_HelloTriangle.vcxproj", "{FE52EADD-DA9A-4B61-9717-F49FADBB0938}"
EndProject
Project("{8BC9CEB8-8B4A-11D0-8D11-00A0C91BC942}") = "04_HelloShapes", "VGP242\04_HelloShapes\04_HelloShapes.vcxproj", "{3AB8D34D-B4B6-471B-968E-16F6DC62C0E2}"
EndProject
Project("{2150E333-8FDC-42A3-9474-1A3956D46DE8}") = "Assets", "Assets", "{2CE512C2-D24C-404A-97E1-078F908449B5}"
EndProject
Project("{2150E333-8FDC-42A3-9474-1A3956D46DE8}") = "Shaders", "Shaders", "{A7DEE878-4247-43A1-A482-9E366E77F403}"
	ProjectSection(SolutionItems) = preProject
		Assets\Shaders\Bloom.fx = Assets\Shaders\Bloom.fx
		Assets\Shaders\DepthMap.fx = Assets\Shaders\DepthMap.fx
		Assets\Shaders\DepthMapWithBones.fx = Assets\Shaders\DepthMapWithBones.fx
		Assets\Shaders\DoFlatShading.fx = Assets\Shaders\DoFlatShading.fx
		Assets\Shaders\DoGouraudShading.fx = Assets\Shaders\DoGouraudShading.fx
		Assets\Shaders\DoNothing.fx = Assets\Shaders\DoNothing.fx
		Assets\Shaders\DoPhongShading.fx = Assets\Shaders\DoPhongShading.fx
		Assets\Shaders\DoSomething.fx = Assets\Shaders\DoSomething.fx
		Assets\Shaders\DoTexture.fx = Assets\Shaders\DoTexture.fx
		Assets\Shaders\DoTextureWithBones.fx = Assets\Shaders\DoTextureWithBones.fx
		Assets\Shaders\DoTransform.fx = Assets\Shaders\DoTransform.fx
		Assets\Shaders\EarthEffects.fx = Assets\Shaders\EarthEffects.fx
		Assets\Shaders\GaussianBlur.fx = Assets\Shaders\GaussianBlur.fx
		Assets\Shaders\GlassEffect.fx = Assets\Shaders\GlassEffect.fx
		Assets\Shaders\Glitch.fx = Assets\Shaders\Glitch.fx
		Assets\Shaders\Hologram.fx = Assets\Shaders\Hologram.fx
		Assets\Shaders\PostProcess.fx = Assets\Shaders\PostProcess.fx
		Assets\Shaders\Reflection.fx = Assets\Shaders\Reflection.fx
		Assets\Shaders\SimpleDraw.fx = Assets\Shaders\SimpleDraw.fx
		Assets\Shaders\Skinning.fx = Assets\Shaders\Skinning.fx
		Assets\Shaders\Standard.fx = Assets\Shaders\Standard.fx
		Assets\Shaders\WaterShader.fx = Assets\Shaders\WaterShader.fx
	EndProjectSection
EndProject
Project("{8BC9CEB8-8B4A-11D0-8D11-00A0C91BC942}") = "05_HelloCube", "VGP242\05_HelloCube\05_HelloCube.vcxproj", "{C449FF96-CA5E-4740-8005-AB8801E436F3}"
EndProject
Project("{8BC9CEB8-8B4A-11D0-8D11-00A0C91BC942}") = "06_HelloTexturing", "VGP242\06_HelloTexturing\06_HelloTexturing.vcxproj", "{647C8E62-F7CB-4634-B4BF-E80C53C6C576}"
EndProject
Project("{8BC9CEB8-8B4A-11D0-8D11-00A0C91BC942}") = "ImGui", "External\ImGui\ImGui.vcxproj", "{D3A8D596-1E7E-4880-8F1B-C49254434990}"
EndProject
Project("{8BC9CEB8-8B4A-11D0-8D11-00A0C91BC942}") = "VGP242_Final", "VGP242\VGP242_Final\VGP242_Final.vcxproj", "{BEB445DE-7376-490F-A389-DA1BD6AAF087}"
EndProject
Project("{2150E333-8FDC-42A3-9474-1A3956D46DE8}") = "VGP330", "VGP330", "{3AA04166-F5FF-4919-B1F8-B3B5B01642C2}"
EndProject
Project("{8BC9CEB8-8B4A-11D0-8D11-00A0C91BC942}") = "09_HelloLighting", "VGP330\09_HelloLighting\09_HelloLighting.vcxproj", "{3CF11F28-2933-441D-AA6A-5EE8A96D528D}"
EndProject
Project("{8BC9CEB8-8B4A-11D0-8D11-00A0C91BC942}") = "10_HelloEarth", "VGP330\10_HelloEarth\10_HelloEarth.vcxproj", "{3CA5051C-39D4-47B4-A9B7-D011E478FD00}"
EndProject
Project("{8BC9CEB8-8B4A-11D0-8D11-00A0C91BC942}") = "11_HelloPostProcessing", "VGP330\11_HelloPostProcessing\11_HelloPostProcessing.vcxproj", "{5B9E165E-4CBB-4067-AD7A-285AD1F122E5}"
EndProject
Project("{8BC9CEB8-8B4A-11D0-8D11-00A0C91BC942}") = "12_HelloBloom", "VGP330\12_HelloBloom\12_HelloBloom.vcxproj", "{0B3F4CD8-3150-4324-806C-E0A45B0DD79B}"
EndProject
Project("{8BC9CEB8-8B4A-11D0-8D11-00A0C91BC942}") = "13_HelloShadow", "VGP330\13_HelloShadow\13_HelloShadow.vcxproj", "{397DAA89-40D6-4DA4-9F06-E94DF2AF8C1B}"
EndProject
Project("{8BC9CEB8-8B4A-11D0-8D11-00A0C91BC942}") = "VGP330_Final", "VGP330\VGP330_Final\VGP330_Final.vcxproj", "{F8A0A251-79ED-4B81-B9D6-BEC88C6D22C7}"
EndProject
Project("{2150E333-8FDC-42A3-9474-1A3956D46DE8}") = "VGP334", "VGP334", "{F18E961E-6523-44C5-BC12-1B8CFC8E1752}"
EndProject
Project("{8BC9CEB8-8B4A-11D0-8D11-00A0C91BC942}") = "14_HelloQuaternion", "VGP334\14_HelloQuaternion\14_HelloQuaternion.vcxproj", "{A0999678-1ED2-4DB7-AE93-C7ACF8404D57}"
EndProject
Project("{8BC9CEB8-8B4A-11D0-8D11-00A0C91BC942}") = "15_HelloAnimation", "VGP334\15_HelloAnimation\15_HelloAnimation.vcxproj", "{C21C9C68-ACCB-4575-83CF-4A0E5DB739A8}"
EndProject
Project("{2150E333-8FDC-42A3-9474-1A3956D46DE8}") = "Tools", "Tools", "{65F8F6A7-5F4C-4C0A-9D5D-E45B0403B87F}"
EndProject
Project("{8BC9CEB8-8B4A-11D0-8D11-00A0C91BC942}") = "ModelImporter", "Tools\ModelImporter\ModelImporter.vcxproj", "{1F6C6E1D-F464-4597-9985-5E027A038979}"
EndProject
Project("{8BC9CEB8-8B4A-11D0-8D11-00A0C91BC942}") = "16_HelloModel", "VGP334\16_HelloModel\16_HelloModel.vcxproj", "{8163CD1B-6C4B-4F10-BB07-D06F879F0B4D}"
EndProject
Project("{2150E333-8FDC-42A3-9474-1A3956D46DE8}") = "VGP336", "VGP336", "{7BF82967-A675-4F33-A509-8742F9DAF57C}"
EndProject
Project("{8BC9CEB8-8B4A-11D0-8D11-00A0C91BC942}") = "CoreTest", "UnitTests\CoreTest\CoreTest.vcxproj", "{2196E613-8969-43E7-BE65-307D0513A279}"
EndProject
Project("{8BC9CEB8-8B4A-11D0-8D11-00A0C91BC942}") = "TestGame", "VGP336\TestGame\TestGame.vcxproj", "{0052B14F-0FD6-40F5-9966-2808F255E10C}"
EndProject
Project("{2150E333-8FDC-42A3-9474-1A3956D46DE8}") = "Templates", "Templates", "{7D9D4FF9-8516-4A3A-B00A-A5475CDF0B4B}"
	ProjectSection(SolutionItems) = preProject
		Assets\Templates\EnemyBrute.json = Assets\Templates\EnemyBrute.json
		Assets\Templates\EnemyHulk.json = Assets\Templates\EnemyHulk.json
		Assets\Templates\EnemyMutant.json = Assets\Templates\EnemyMutant.json
		Assets\Templates\Player.json = Assets\Templates\Player.json
		Assets\Templates\test.json = Assets\Templates\test.json
	EndProjectSection
EndProject
Project("{2150E333-8FDC-42A3-9474-1A3956D46DE8}") = "VGP337", "VGP337", "{A6C37A33-A90D-4061-9280-AB8A4D4634D5}"
EndProject
Project("{8BC9CEB8-8B4A-11D0-8D11-00A0C91BC942}") = "LinearRegression", "VGP337\LinearRegression\LinearRegression.vcxproj", "{AEFE09D8-28C6-440C-ADA2-BE1C052BA84D}"
EndProject
Project("{8BC9CEB8-8B4A-11D0-8D11-00A0C91BC942}") = "MachineLearning", "Framework\MachineLearning\MachineLearning.vcxproj", "{022F5B8D-89F3-477E-8FC6-D8BEE595ED2D}"
EndProject
Project("{8BC9CEB8-8B4A-11D0-8D11-00A0C91BC942}") = "LogisticRegression", "VGP337\LogisticRegression\LogisticRegression.vcxproj", "{92B3120A-42CF-4E8E-8EC4-ACF083983A4D}"
EndProject
Project("{2150E333-8FDC-42A3-9474-1A3956D46DE8}") = "Supervised_Learning", "Supervised_Learning", "{0902A068-E2B5-414D-9BBE-659CD4951CE5}"
EndProject
Project("{2150E333-8FDC-42A3-9474-1A3956D46DE8}") = "Unsupervised_Learning", "Unsupervised_Learning", "{90A5D5BE-84F2-42DA-801D-E01E640461AF}"
EndProject
Project("{8BC9CEB8-8B4A-11D0-8D11-00A0C91BC942}") = "KMeans", "VGP337\KMeans\KMeans.vcxproj", "{6920D02F-C654-4335-8395-778CCBEB75BB}"
EndProject
Project("{2150E333-8FDC-42A3-9474-1A3956D46DE8}") = "NeuralNetwork", "NeuralNetwork", "{1C4FE7D5-3B04-424C-AAAD-CF82CDBDF4B5}"
EndProject
Project("{8BC9CEB8-8B4A-11D0-8D11-00A0C91BC942}") = "NeuralNetwork", "VGP337\NeuralNetwork\NeuralNetwork.vcxproj", "{C7D78C7D-BCDC-4449-99C6-2B5B0DBFCBC0}"
EndProject
Project("{8BC9CEB8-8B4A-11D0-8D11-00A0C91BC942}") = "XOR_NeuralNetwork", "VGP337\XOR_NeuralNetwork\XOR_NeuralNetwork.vcxproj", "{EE14E66F-FA9D-4FCE-9138-88540A11A048}"
EndProject
Project("{2150E333-8FDC-42A3-9474-1A3956D46DE8}") = "GeneticAlgorithms", "GeneticAlgorithms", "{1CD84B00-8D64-4B00-8C94-BBE66AEA0FA7}"
EndProject
Project("{8BC9CEB8-8B4A-11D0-8D11-00A0C91BC942}") = "GeneticAlgorithm", "VGP337\GeneticAlgorithm\GeneticAlgorithm.vcxproj", "{B75622B6-9BB7-47D7-AF1F-ECC8DA9495C9}"
EndProject
Project("{8BC9CEB8-8B4A-11D0-8D11-00A0C91BC942}") = "Genetic_PathFinding", "VGP337\Genetic_PathFinding\Genetic_PathFinding.vcxproj", "{F30DC10C-A865-4724-90A4-40C4E4BEF854}"
EndProject
Project("{8BC9CEB8-8B4A-11D0-8D11-00A0C91BC942}") = "HelloWater", "VGP330\HelloWater\HelloWater.vcxproj", "{7BF5249A-216F-4E57-B4CC-673207D0EE0D}"
EndProject
Global
	GlobalSection(SolutionConfigurationPlatforms) = preSolution
		Debug|x64 = Debug|x64
		Debug|x86 = Debug|x86
		Release|x64 = Release|x64
		Release|x86 = Release|x86
	EndGlobalSection
	GlobalSection(ProjectConfigurationPlatforms) = postSolution
		{D804671C-CB48-4021-AE0A-BEE1F8697D92}.Debug|x64.ActiveCfg = Debug|x64
		{D804671C-CB48-4021-AE0A-BEE1F8697D92}.Debug|x64.Build.0 = Debug|x64
		{D804671C-CB48-4021-AE0A-BEE1F8697D92}.Debug|x86.ActiveCfg = Debug|Win32
		{D804671C-CB48-4021-AE0A-BEE1F8697D92}.Debug|x86.Build.0 = Debug|Win32
		{D804671C-CB48-4021-AE0A-BEE1F8697D92}.Release|x64.ActiveCfg = Release|x64
		{D804671C-CB48-4021-AE0A-BEE1F8697D92}.Release|x64.Build.0 = Release|x64
		{D804671C-CB48-4021-AE0A-BEE1F8697D92}.Release|x86.ActiveCfg = Release|Win32
		{D804671C-CB48-4021-AE0A-BEE1F8697D92}.Release|x86.Build.0 = Release|Win32
		{900D0A65-0525-49A9-9380-C2726C2CAD47}.Debug|x64.ActiveCfg = Debug|x64
		{900D0A65-0525-49A9-9380-C2726C2CAD47}.Debug|x64.Build.0 = Debug|x64
		{900D0A65-0525-49A9-9380-C2726C2CAD47}.Debug|x86.ActiveCfg = Debug|Win32
		{900D0A65-0525-49A9-9380-C2726C2CAD47}.Debug|x86.Build.0 = Debug|Win32
		{900D0A65-0525-49A9-9380-C2726C2CAD47}.Release|x64.ActiveCfg = Release|x64
		{900D0A65-0525-49A9-9380-C2726C2CAD47}.Release|x64.Build.0 = Release|x64
		{900D0A65-0525-49A9-9380-C2726C2CAD47}.Release|x86.ActiveCfg = Release|Win32
		{900D0A65-0525-49A9-9380-C2726C2CAD47}.Release|x86.Build.0 = Release|Win32
		{1A7D7784-2365-4E2E-8C4A-1BE05BFCDA0B}.Debug|x64.ActiveCfg = Debug|x64
		{1A7D7784-2365-4E2E-8C4A-1BE05BFCDA0B}.Debug|x64.Build.0 = Debug|x64
		{1A7D7784-2365-4E2E-8C4A-1BE05BFCDA0B}.Debug|x86.ActiveCfg = Debug|Win32
		{1A7D7784-2365-4E2E-8C4A-1BE05BFCDA0B}.Debug|x86.Build.0 = Debug|Win32
		{1A7D7784-2365-4E2E-8C4A-1BE05BFCDA0B}.Release|x64.ActiveCfg = Release|x64
		{1A7D7784-2365-4E2E-8C4A-1BE05BFCDA0B}.Release|x64.Build.0 = Release|x64
		{1A7D7784-2365-4E2E-8C4A-1BE05BFCDA0B}.Release|x86.ActiveCfg = Release|Win32
		{1A7D7784-2365-4E2E-8C4A-1BE05BFCDA0B}.Release|x86.Build.0 = Release|Win32
		{3F95F9CD-8200-4BD6-BEFE-FD99739906E3}.Debug|x64.ActiveCfg = Debug|x64
		{3F95F9CD-8200-4BD6-BEFE-FD99739906E3}.Debug|x64.Build.0 = Debug|x64
		{3F95F9CD-8200-4BD6-BEFE-FD99739906E3}.Debug|x86.ActiveCfg = Debug|Win32
		{3F95F9CD-8200-4BD6-BEFE-FD99739906E3}.Debug|x86.Build.0 = Debug|Win32
		{3F95F9CD-8200-4BD6-BEFE-FD99739906E3}.Release|x64.ActiveCfg = Release|x64
		{3F95F9CD-8200-4BD6-BEFE-FD99739906E3}.Release|x64.Build.0 = Release|x64
		{3F95F9CD-8200-4BD6-BEFE-FD99739906E3}.Release|x86.ActiveCfg = Release|Win32
		{3F95F9CD-8200-4BD6-BEFE-FD99739906E3}.Release|x86.Build.0 = Release|Win32
		{D3C2FF2B-B189-43AA-A918-EB685C5BAAC5}.Debug|x64.ActiveCfg = Debug|x64
		{D3C2FF2B-B189-43AA-A918-EB685C5BAAC5}.Debug|x64.Build.0 = Debug|x64
		{D3C2FF2B-B189-43AA-A918-EB685C5BAAC5}.Debug|x86.ActiveCfg = Debug|Win32
		{D3C2FF2B-B189-43AA-A918-EB685C5BAAC5}.Debug|x86.Build.0 = Debug|Win32
		{D3C2FF2B-B189-43AA-A918-EB685C5BAAC5}.Release|x64.ActiveCfg = Release|x64
		{D3C2FF2B-B189-43AA-A918-EB685C5BAAC5}.Release|x64.Build.0 = Release|x64
		{D3C2FF2B-B189-43AA-A918-EB685C5BAAC5}.Release|x86.ActiveCfg = Release|Win32
		{D3C2FF2B-B189-43AA-A918-EB685C5BAAC5}.Release|x86.Build.0 = Release|Win32
		{D5D746FE-797E-460B-82B2-A9E49C8647C2}.Debug|x64.ActiveCfg = Debug|x64
		{D5D746FE-797E-460B-82B2-A9E49C8647C2}.Debug|x64.Build.0 = Debug|x64
		{D5D746FE-797E-460B-82B2-A9E49C8647C2}.Debug|x86.ActiveCfg = Debug|Win32
		{D5D746FE-797E-460B-82B2-A9E49C8647C2}.Debug|x86.Build.0 = Debug|Win32
		{D5D746FE-797E-460B-82B2-A9E49C8647C2}.Release|x64.ActiveCfg = Release|x64
		{D5D746FE-797E-460B-82B2-A9E49C8647C2}.Release|x64.Build.0 = Release|x64
		{D5D746FE-797E-460B-82B2-A9E49C8647C2}.Release|x86.ActiveCfg = Release|Win32
		{D5D746FE-797E-460B-82B2-A9E49C8647C2}.Release|x86.Build.0 = Release|Win32
		{CE31A245-19E0-49A3-87F7-92E13F86C08A}.Debug|x64.ActiveCfg = Debug|x64
		{CE31A245-19E0-49A3-87F7-92E13F86C08A}.Debug|x64.Build.0 = Debug|x64
		{CE31A245-19E0-49A3-87F7-92E13F86C08A}.Debug|x86.ActiveCfg = Debug|Win32
		{CE31A245-19E0-49A3-87F7-92E13F86C08A}.Debug|x86.Build.0 = Debug|Win32
		{CE31A245-19E0-49A3-87F7-92E13F86C08A}.Release|x64.ActiveCfg = Release|x64
		{CE31A245-19E0-49A3-87F7-92E13F86C08A}.Release|x64.Build.0 = Release|x64
		{CE31A245-19E0-49A3-87F7-92E13F86C08A}.Release|x86.ActiveCfg = Release|Win32
		{CE31A245-19E0-49A3-87F7-92E13F86C08A}.Release|x86.Build.0 = Release|Win32
		{BF4CC6D2-173A-4BFC-BECD-03A5A650A58C}.Debug|x64.ActiveCfg = Debug|x64
		{BF4CC6D2-173A-4BFC-BECD-03A5A650A58C}.Debug|x64.Build.0 = Debug|x64
		{BF4CC6D2-173A-4BFC-BECD-03A5A650A58C}.Debug|x86.ActiveCfg = Debug|Win32
		{BF4CC6D2-173A-4BFC-BECD-03A5A650A58C}.Debug|x86.Build.0 = Debug|Win32
		{BF4CC6D2-173A-4BFC-BECD-03A5A650A58C}.Release|x64.ActiveCfg = Release|x64
		{BF4CC6D2-173A-4BFC-BECD-03A5A650A58C}.Release|x64.Build.0 = Release|x64
		{BF4CC6D2-173A-4BFC-BECD-03A5A650A58C}.Release|x86.ActiveCfg = Release|Win32
		{BF4CC6D2-173A-4BFC-BECD-03A5A650A58C}.Release|x86.Build.0 = Release|Win32
		{E0B52AE7-E160-4D32-BF3F-910B785E5A8E}.Debug|x64.ActiveCfg = Debug|x64
		{E0B52AE7-E160-4D32-BF3F-910B785E5A8E}.Debug|x64.Build.0 = Debug|x64
		{E0B52AE7-E160-4D32-BF3F-910B785E5A8E}.Debug|x86.ActiveCfg = Debug|Win32
		{E0B52AE7-E160-4D32-BF3F-910B785E5A8E}.Debug|x86.Build.0 = Debug|Win32
		{E0B52AE7-E160-4D32-BF3F-910B785E5A8E}.Release|x64.ActiveCfg = Release|x64
		{E0B52AE7-E160-4D32-BF3F-910B785E5A8E}.Release|x64.Build.0 = Release|x64
		{E0B52AE7-E160-4D32-BF3F-910B785E5A8E}.Release|x86.ActiveCfg = Release|Win32
		{E0B52AE7-E160-4D32-BF3F-910B785E5A8E}.Release|x86.Build.0 = Release|Win32
		{4F150A30-CECB-49D1-8283-6A3F57438CF5}.Debug|x64.ActiveCfg = Debug|x64
		{4F150A30-CECB-49D1-8283-6A3F57438CF5}.Debug|x64.Build.0 = Debug|x64
		{4F150A30-CECB-49D1-8283-6A3F57438CF5}.Debug|x86.ActiveCfg = Debug|Win32
		{4F150A30-CECB-49D1-8283-6A3F57438CF5}.Debug|x86.Build.0 = Debug|Win32
		{4F150A30-CECB-49D1-8283-6A3F57438CF5}.Release|x64.ActiveCfg = Release|x64
		{4F150A30-CECB-49D1-8283-6A3F57438CF5}.Release|x64.Build.0 = Release|x64
		{4F150A30-CECB-49D1-8283-6A3F57438CF5}.Release|x86.ActiveCfg = Release|Win32
		{4F150A30-CECB-49D1-8283-6A3F57438CF5}.Release|x86.Build.0 = Release|Win32
		{63A0BB4E-F840-46A8-B7B8-5868EB2F6ED1}.Debug|x64.ActiveCfg = Debug|x64
		{63A0BB4E-F840-46A8-B7B8-5868EB2F6ED1}.Debug|x64.Build.0 = Debug|x64
		{63A0BB4E-F840-46A8-B7B8-5868EB2F6ED1}.Debug|x86.ActiveCfg = Debug|Win32
		{63A0BB4E-F840-46A8-B7B8-5868EB2F6ED1}.Debug|x86.Build.0 = Debug|Win32
		{63A0BB4E-F840-46A8-B7B8-5868EB2F6ED1}.Release|x64.ActiveCfg = Release|x64
		{63A0BB4E-F840-46A8-B7B8-5868EB2F6ED1}.Release|x64.Build.0 = Release|x64
		{63A0BB4E-F840-46A8-B7B8-5868EB2F6ED1}.Release|x86.ActiveCfg = Release|Win32
		{63A0BB4E-F840-46A8-B7B8-5868EB2F6ED1}.Release|x86.Build.0 = Release|Win32
		{FE52EADD-DA9A-4B61-9717-F49FADBB0938}.Debug|x64.ActiveCfg = Debug|x64
		{FE52EADD-DA9A-4B61-9717-F49FADBB0938}.Debug|x64.Build.0 = Debug|x64
		{FE52EADD-DA9A-4B61-9717-F49FADBB0938}.Debug|x86.ActiveCfg = Debug|Win32
		{FE52EADD-DA9A-4B61-9717-F49FADBB0938}.Debug|x86.Build.0 = Debug|Win32
		{FE52EADD-DA9A-4B61-9717-F49FADBB0938}.Release|x64.ActiveCfg = Release|x64
		{FE52EADD-DA9A-4B61-9717-F49FADBB0938}.Release|x64.Build.0 = Release|x64
		{FE52EADD-DA9A-4B61-9717-F49FADBB0938}.Release|x86.ActiveCfg = Release|Win32
		{FE52EADD-DA9A-4B61-9717-F49FADBB0938}.Release|x86.Build.0 = Release|Win32
		{3AB8D34D-B4B6-471B-968E-16F6DC62C0E2}.Debug|x64.ActiveCfg = Debug|x64
		{3AB8D34D-B4B6-471B-968E-16F6DC62C0E2}.Debug|x64.Build.0 = Debug|x64
		{3AB8D34D-B4B6-471B-968E-16F6DC62C0E2}.Debug|x86.ActiveCfg = Debug|Win32
		{3AB8D34D-B4B6-471B-968E-16F6DC62C0E2}.Debug|x86.Build.0 = Debug|Win32
		{3AB8D34D-B4B6-471B-968E-16F6DC62C0E2}.Release|x64.ActiveCfg = Release|x64
		{3AB8D34D-B4B6-471B-968E-16F6DC62C0E2}.Release|x64.Build.0 = Release|x64
		{3AB8D34D-B4B6-471B-968E-16F6DC62C0E2}.Release|x86.ActiveCfg = Release|Win32
		{3AB8D34D-B4B6-471B-968E-16F6DC62C0E2}.Release|x86.Build.0 = Release|Win32
		{C449FF96-CA5E-4740-8005-AB8801E436F3}.Debug|x64.ActiveCfg = Debug|x64
		{C449FF96-CA5E-4740-8005-AB8801E436F3}.Debug|x64.Build.0 = Debug|x64
		{C449FF96-CA5E-4740-8005-AB8801E436F3}.Debug|x86.ActiveCfg = Debug|Win32
		{C449FF96-CA5E-4740-8005-AB8801E436F3}.Debug|x86.Build.0 = Debug|Win32
		{C449FF96-CA5E-4740-8005-AB8801E436F3}.Release|x64.ActiveCfg = Release|x64
		{C449FF96-CA5E-4740-8005-AB8801E436F3}.Release|x64.Build.0 = Release|x64
		{C449FF96-CA5E-4740-8005-AB8801E436F3}.Release|x86.ActiveCfg = Release|Win32
		{C449FF96-CA5E-4740-8005-AB8801E436F3}.Release|x86.Build.0 = Release|Win32
		{647C8E62-F7CB-4634-B4BF-E80C53C6C576}.Debug|x64.ActiveCfg = Debug|x64
		{647C8E62-F7CB-4634-B4BF-E80C53C6C576}.Debug|x64.Build.0 = Debug|x64
		{647C8E62-F7CB-4634-B4BF-E80C53C6C576}.Debug|x86.ActiveCfg = Debug|Win32
		{647C8E62-F7CB-4634-B4BF-E80C53C6C576}.Debug|x86.Build.0 = Debug|Win32
		{647C8E62-F7CB-4634-B4BF-E80C53C6C576}.Release|x64.ActiveCfg = Release|x64
		{647C8E62-F7CB-4634-B4BF-E80C53C6C576}.Release|x64.Build.0 = Release|x64
		{647C8E62-F7CB-4634-B4BF-E80C53C6C576}.Release|x86.ActiveCfg = Release|Win32
		{647C8E62-F7CB-4634-B4BF-E80C53C6C576}.Release|x86.Build.0 = Release|Win32
		{D3A8D596-1E7E-4880-8F1B-C49254434990}.Debug|x64.ActiveCfg = Debug|x64
		{D3A8D596-1E7E-4880-8F1B-C49254434990}.Debug|x64.Build.0 = Debug|x64
		{D3A8D596-1E7E-4880-8F1B-C49254434990}.Debug|x86.ActiveCfg = Debug|Win32
		{D3A8D596-1E7E-4880-8F1B-C49254434990}.Debug|x86.Build.0 = Debug|Win32
		{D3A8D596-1E7E-4880-8F1B-C49254434990}.Release|x64.ActiveCfg = Release|x64
		{D3A8D596-1E7E-4880-8F1B-C49254434990}.Release|x64.Build.0 = Release|x64
		{D3A8D596-1E7E-4880-8F1B-C49254434990}.Release|x86.ActiveCfg = Release|Win32
		{D3A8D596-1E7E-4880-8F1B-C49254434990}.Release|x86.Build.0 = Release|Win32
		{BEB445DE-7376-490F-A389-DA1BD6AAF087}.Debug|x64.ActiveCfg = Debug|x64
		{BEB445DE-7376-490F-A389-DA1BD6AAF087}.Debug|x64.Build.0 = Debug|x64
		{BEB445DE-7376-490F-A389-DA1BD6AAF087}.Debug|x86.ActiveCfg = Debug|Win32
		{BEB445DE-7376-490F-A389-DA1BD6AAF087}.Debug|x86.Build.0 = Debug|Win32
		{BEB445DE-7376-490F-A389-DA1BD6AAF087}.Release|x64.ActiveCfg = Release|x64
		{BEB445DE-7376-490F-A389-DA1BD6AAF087}.Release|x64.Build.0 = Release|x64
		{BEB445DE-7376-490F-A389-DA1BD6AAF087}.Release|x86.ActiveCfg = Release|Win32
		{BEB445DE-7376-490F-A389-DA1BD6AAF087}.Release|x86.Build.0 = Release|Win32
		{3CF11F28-2933-441D-AA6A-5EE8A96D528D}.Debug|x64.ActiveCfg = Debug|x64
		{3CF11F28-2933-441D-AA6A-5EE8A96D528D}.Debug|x64.Build.0 = Debug|x64
		{3CF11F28-2933-441D-AA6A-5EE8A96D528D}.Debug|x86.ActiveCfg = Debug|Win32
		{3CF11F28-2933-441D-AA6A-5EE8A96D528D}.Debug|x86.Build.0 = Debug|Win32
		{3CF11F28-2933-441D-AA6A-5EE8A96D528D}.Release|x64.ActiveCfg = Release|x64
		{3CF11F28-2933-441D-AA6A-5EE8A96D528D}.Release|x64.Build.0 = Release|x64
		{3CF11F28-2933-441D-AA6A-5EE8A96D528D}.Release|x86.ActiveCfg = Release|Win32
		{3CF11F28-2933-441D-AA6A-5EE8A96D528D}.Release|x86.Build.0 = Release|Win32
		{3CA5051C-39D4-47B4-A9B7-D011E478FD00}.Debug|x64.ActiveCfg = Debug|x64
		{3CA5051C-39D4-47B4-A9B7-D011E478FD00}.Debug|x64.Build.0 = Debug|x64
		{3CA5051C-39D4-47B4-A9B7-D011E478FD00}.Debug|x86.ActiveCfg = Debug|Win32
		{3CA5051C-39D4-47B4-A9B7-D011E478FD00}.Debug|x86.Build.0 = Debug|Win32
		{3CA5051C-39D4-47B4-A9B7-D011E478FD00}.Release|x64.ActiveCfg = Release|x64
		{3CA5051C-39D4-47B4-A9B7-D011E478FD00}.Release|x64.Build.0 = Release|x64
		{3CA5051C-39D4-47B4-A9B7-D011E478FD00}.Release|x86.ActiveCfg = Release|Win32
		{3CA5051C-39D4-47B4-A9B7-D011E478FD00}.Release|x86.Build.0 = Release|Win32
		{5B9E165E-4CBB-4067-AD7A-285AD1F122E5}.Debug|x64.ActiveCfg = Debug|x64
		{5B9E165E-4CBB-4067-AD7A-285AD1F122E5}.Debug|x64.Build.0 = Debug|x64
		{5B9E165E-4CBB-4067-AD7A-285AD1F122E5}.Debug|x86.ActiveCfg = Debug|Win32
		{5B9E165E-4CBB-4067-AD7A-285AD1F122E5}.Debug|x86.Build.0 = Debug|Win32
		{5B9E165E-4CBB-4067-AD7A-285AD1F122E5}.Release|x64.ActiveCfg = Release|x64
		{5B9E165E-4CBB-4067-AD7A-285AD1F122E5}.Release|x64.Build.0 = Release|x64
		{5B9E165E-4CBB-4067-AD7A-285AD1F122E5}.Release|x86.ActiveCfg = Release|Win32
		{5B9E165E-4CBB-4067-AD7A-285AD1F122E5}.Release|x86.Build.0 = Release|Win32
		{0B3F4CD8-3150-4324-806C-E0A45B0DD79B}.Debug|x64.ActiveCfg = Debug|x64
		{0B3F4CD8-3150-4324-806C-E0A45B0DD79B}.Debug|x64.Build.0 = Debug|x64
		{0B3F4CD8-3150-4324-806C-E0A45B0DD79B}.Debug|x86.ActiveCfg = Debug|Win32
		{0B3F4CD8-3150-4324-806C-E0A45B0DD79B}.Debug|x86.Build.0 = Debug|Win32
		{0B3F4CD8-3150-4324-806C-E0A45B0DD79B}.Release|x64.ActiveCfg = Release|x64
		{0B3F4CD8-3150-4324-806C-E0A45B0DD79B}.Release|x64.Build.0 = Release|x64
		{0B3F4CD8-3150-4324-806C-E0A45B0DD79B}.Release|x86.ActiveCfg = Release|Win32
		{0B3F4CD8-3150-4324-806C-E0A45B0DD79B}.Release|x86.Build.0 = Release|Win32
		{397DAA89-40D6-4DA4-9F06-E94DF2AF8C1B}.Debug|x64.ActiveCfg = Debug|x64
		{397DAA89-40D6-4DA4-9F06-E94DF2AF8C1B}.Debug|x64.Build.0 = Debug|x64
		{397DAA89-40D6-4DA4-9F06-E94DF2AF8C1B}.Debug|x86.ActiveCfg = Debug|Win32
		{397DAA89-40D6-4DA4-9F06-E94DF2AF8C1B}.Debug|x86.Build.0 = Debug|Win32
		{397DAA89-40D6-4DA4-9F06-E94DF2AF8C1B}.Release|x64.ActiveCfg = Release|x64
		{397DAA89-40D6-4DA4-9F06-E94DF2AF8C1B}.Release|x64.Build.0 = Release|x64
		{397DAA89-40D6-4DA4-9F06-E94DF2AF8C1B}.Release|x86.ActiveCfg = Release|Win32
		{397DAA89-40D6-4DA4-9F06-E94DF2AF8C1B}.Release|x86.Build.0 = Release|Win32
		{F8A0A251-79ED-4B81-B9D6-BEC88C6D22C7}.Debug|x64.ActiveCfg = Debug|x64
		{F8A0A251-79ED-4B81-B9D6-BEC88C6D22C7}.Debug|x64.Build.0 = Debug|x64
		{F8A0A251-79ED-4B81-B9D6-BEC88C6D22C7}.Debug|x86.ActiveCfg = Debug|Win32
		{F8A0A251-79ED-4B81-B9D6-BEC88C6D22C7}.Debug|x86.Build.0 = Debug|Win32
		{F8A0A251-79ED-4B81-B9D6-BEC88C6D22C7}.Release|x64.ActiveCfg = Release|x64
		{F8A0A251-79ED-4B81-B9D6-BEC88C6D22C7}.Release|x64.Build.0 = Release|x64
		{F8A0A251-79ED-4B81-B9D6-BEC88C6D22C7}.Release|x86.ActiveCfg = Release|Win32
		{F8A0A251-79ED-4B81-B9D6-BEC88C6D22C7}.Release|x86.Build.0 = Release|Win32
		{A0999678-1ED2-4DB7-AE93-C7ACF8404D57}.Debug|x64.ActiveCfg = Debug|x64
		{A0999678-1ED2-4DB7-AE93-C7ACF8404D57}.Debug|x64.Build.0 = Debug|x64
		{A0999678-1ED2-4DB7-AE93-C7ACF8404D57}.Debug|x86.ActiveCfg = Debug|Win32
		{A0999678-1ED2-4DB7-AE93-C7ACF8404D57}.Debug|x86.Build.0 = Debug|Win32
		{A0999678-1ED2-4DB7-AE93-C7ACF8404D57}.Release|x64.ActiveCfg = Release|x64
		{A0999678-1ED2-4DB7-AE93-C7ACF8404D57}.Release|x64.Build.0 = Release|x64
		{A0999678-1ED2-4DB7-AE93-C7ACF8404D57}.Release|x86.ActiveCfg = Release|Win32
		{A0999678-1ED2-4DB7-AE93-C7ACF8404D57}.Release|x86.Build.0 = Release|Win32
		{C21C9C68-ACCB-4575-83CF-4A0E5DB739A8}.Debug|x64.ActiveCfg = Debug|x64
		{C21C9C68-ACCB-4575-83CF-4A0E5DB739A8}.Debug|x64.Build.0 = Debug|x64
		{C21C9C68-ACCB-4575-83CF-4A0E5DB739A8}.Debug|x86.ActiveCfg = Debug|Win32
		{C21C9C68-ACCB-4575-83CF-4A0E5DB739A8}.Debug|x86.Build.0 = Debug|Win32
		{C21C9C68-ACCB-4575-83CF-4A0E5DB739A8}.Release|x64.ActiveCfg = Release|x64
		{C21C9C68-ACCB-4575-83CF-4A0E5DB739A8}.Release|x64.Build.0 = Release|x64
		{C21C9C68-ACCB-4575-83CF-4A0E5DB739A8}.Release|x86.ActiveCfg = Release|Win32
		{C21C9C68-ACCB-4575-83CF-4A0E5DB739A8}.Release|x86.Build.0 = Release|Win32
		{1F6C6E1D-F464-4597-9985-5E027A038979}.Debug|x64.ActiveCfg = Debug|x64
		{1F6C6E1D-F464-4597-9985-5E027A038979}.Debug|x64.Build.0 = Debug|x64
		{1F6C6E1D-F464-4597-9985-5E027A038979}.Debug|x86.ActiveCfg = Debug|Win32
		{1F6C6E1D-F464-4597-9985-5E027A038979}.Debug|x86.Build.0 = Debug|Win32
		{1F6C6E1D-F464-4597-9985-5E027A038979}.Release|x64.ActiveCfg = Release|x64
		{1F6C6E1D-F464-4597-9985-5E027A038979}.Release|x64.Build.0 = Release|x64
		{1F6C6E1D-F464-4597-9985-5E027A038979}.Release|x86.ActiveCfg = Release|Win32
		{1F6C6E1D-F464-4597-9985-5E027A038979}.Release|x86.Build.0 = Release|Win32
		{8163CD1B-6C4B-4F10-BB07-D06F879F0B4D}.Debug|x64.ActiveCfg = Debug|x64
		{8163CD1B-6C4B-4F10-BB07-D06F879F0B4D}.Debug|x64.Build.0 = Debug|x64
		{8163CD1B-6C4B-4F10-BB07-D06F879F0B4D}.Debug|x86.ActiveCfg = Debug|Win32
		{8163CD1B-6C4B-4F10-BB07-D06F879F0B4D}.Debug|x86.Build.0 = Debug|Win32
		{8163CD1B-6C4B-4F10-BB07-D06F879F0B4D}.Release|x64.ActiveCfg = Release|x64
		{8163CD1B-6C4B-4F10-BB07-D06F879F0B4D}.Release|x64.Build.0 = Release|x64
		{8163CD1B-6C4B-4F10-BB07-D06F879F0B4D}.Release|x86.ActiveCfg = Release|Win32
		{8163CD1B-6C4B-4F10-BB07-D06F879F0B4D}.Release|x86.Build.0 = Release|Win32
		{2196E613-8969-43E7-BE65-307D0513A279}.Debug|x64.ActiveCfg = Debug|x64
		{2196E613-8969-43E7-BE65-307D0513A279}.Debug|x64.Build.0 = Debug|x64
		{2196E613-8969-43E7-BE65-307D0513A279}.Debug|x86.ActiveCfg = Debug|Win32
		{2196E613-8969-43E7-BE65-307D0513A279}.Debug|x86.Build.0 = Debug|Win32
		{2196E613-8969-43E7-BE65-307D0513A279}.Release|x64.ActiveCfg = Release|x64
		{2196E613-8969-43E7-BE65-307D0513A279}.Release|x64.Build.0 = Release|x64
		{2196E613-8969-43E7-BE65-307D0513A279}.Release|x86.ActiveCfg = Release|Win32
		{2196E613-8969-43E7-BE65-307D0513A279}.Release|x86.Build.0 = Release|Win32
		{0052B14F-0FD6-40F5-9966-2808F255E10C}.Debug|x64.ActiveCfg = Debug|x64
		{0052B14F-0FD6-40F5-9966-2808F255E10C}.Debug|x64.Build.0 = Debug|x64
		{0052B14F-0FD6-40F5-9966-2808F255E10C}.Debug|x86.ActiveCfg = Debug|Win32
		{0052B14F-0FD6-40F5-9966-2808F255E10C}.Debug|x86.Build.0 = Debug|Win32
		{0052B14F-0FD6-40F5-9966-2808F255E10C}.Release|x64.ActiveCfg = Release|x64
		{0052B14F-0FD6-40F5-9966-2808F255E10C}.Release|x64.Build.0 = Release|x64
		{0052B14F-0FD6-40F5-9966-2808F255E10C}.Release|x86.ActiveCfg = Release|Win32
		{0052B14F-0FD6-40F5-9966-2808F255E10C}.Release|x86.Build.0 = Release|Win32
		{AEFE09D8-28C6-440C-ADA2-BE1C052BA84D}.Debug|x64.ActiveCfg = Debug|x64
		{AEFE09D8-28C6-440C-ADA2-BE1C052BA84D}.Debug|x64.Build.0 = Debug|x64
		{AEFE09D8-28C6-440C-ADA2-BE1C052BA84D}.Debug|x86.ActiveCfg = Debug|Win32
		{AEFE09D8-28C6-440C-ADA2-BE1C052BA84D}.Debug|x86.Build.0 = Debug|Win32
		{AEFE09D8-28C6-440C-ADA2-BE1C052BA84D}.Release|x64.ActiveCfg = Release|x64
		{AEFE09D8-28C6-440C-ADA2-BE1C052BA84D}.Release|x64.Build.0 = Release|x64
		{AEFE09D8-28C6-440C-ADA2-BE1C052BA84D}.Release|x86.ActiveCfg = Release|Win32
		{AEFE09D8-28C6-440C-ADA2-BE1C052BA84D}.Release|x86.Build.0 = Release|Win32
		{022F5B8D-89F3-477E-8FC6-D8BEE595ED2D}.Debug|x64.ActiveCfg = Debug|x64
		{022F5B8D-89F3-477E-8FC6-D8BEE595ED2D}.Debug|x64.Build.0 = Debug|x64
		{022F5B8D-89F3-477E-8FC6-D8BEE595ED2D}.Debug|x86.ActiveCfg = Debug|Win32
		{022F5B8D-89F3-477E-8FC6-D8BEE595ED2D}.Debug|x86.Build.0 = Debug|Win32
		{022F5B8D-89F3-477E-8FC6-D8BEE595ED2D}.Release|x64.ActiveCfg = Release|x64
		{022F5B8D-89F3-477E-8FC6-D8BEE595ED2D}.Release|x64.Build.0 = Release|x64
		{022F5B8D-89F3-477E-8FC6-D8BEE595ED2D}.Release|x86.ActiveCfg = Release|Win32
		{022F5B8D-89F3-477E-8FC6-D8BEE595ED2D}.Release|x86.Build.0 = Release|Win32
		{92B3120A-42CF-4E8E-8EC4-ACF083983A4D}.Debug|x64.ActiveCfg = Debug|x64
		{92B3120A-42CF-4E8E-8EC4-ACF083983A4D}.Debug|x64.Build.0 = Debug|x64
		{92B3120A-42CF-4E8E-8EC4-ACF083983A4D}.Debug|x86.ActiveCfg = Debug|Win32
		{92B3120A-42CF-4E8E-8EC4-ACF083983A4D}.Debug|x86.Build.0 = Debug|Win32
		{92B3120A-42CF-4E8E-8EC4-ACF083983A4D}.Release|x64.ActiveCfg = Release|x64
		{92B3120A-42CF-4E8E-8EC4-ACF083983A4D}.Release|x64.Build.0 = Release|x64
		{92B3120A-42CF-4E8E-8EC4-ACF083983A4D}.Release|x86.ActiveCfg = Release|Win32
		{92B3120A-42CF-4E8E-8EC4-ACF083983A4D}.Release|x86.Build.0 = Release|Win32
		{6920D02F-C654-4335-8395-778CCBEB75BB}.Debug|x64.ActiveCfg = Debug|x64
		{6920D02F-C654-4335-8395-778CCBEB75BB}.Debug|x64.Build.0 = Debug|x64
		{6920D02F-C654-4335-8395-778CCBEB75BB}.Debug|x86.ActiveCfg = Debug|Win32
		{6920D02F-C654-4335-8395-778CCBEB75BB}.Debug|x86.Build.0 = Debug|Win32
		{6920D02F-C654-4335-8395-778CCBEB75BB}.Release|x64.ActiveCfg = Release|x64
		{6920D02F-C654-4335-8395-778CCBEB75BB}.Release|x64.Build.0 = Release|x64
		{6920D02F-C654-4335-8395-778CCBEB75BB}.Release|x86.ActiveCfg = Release|Win32
		{6920D02F-C654-4335-8395-778CCBEB75BB}.Release|x86.Build.0 = Release|Win32
		{C7D78C7D-BCDC-4449-99C6-2B5B0DBFCBC0}.Debug|x64.ActiveCfg = Debug|x64
		{C7D78C7D-BCDC-4449-99C6-2B5B0DBFCBC0}.Debug|x64.Build.0 = Debug|x64
		{C7D78C7D-BCDC-4449-99C6-2B5B0DBFCBC0}.Debug|x86.ActiveCfg = Debug|Win32
		{C7D78C7D-BCDC-4449-99C6-2B5B0DBFCBC0}.Debug|x86.Build.0 = Debug|Win32
		{C7D78C7D-BCDC-4449-99C6-2B5B0DBFCBC0}.Release|x64.ActiveCfg = Release|x64
		{C7D78C7D-BCDC-4449-99C6-2B5B0DBFCBC0}.Release|x64.Build.0 = Release|x64
		{C7D78C7D-BCDC-4449-99C6-2B5B0DBFCBC0}.Release|x86.ActiveCfg = Release|Win32
		{C7D78C7D-BCDC-4449-99C6-2B5B0DBFCBC0}.Release|x86.Build.0 = Release|Win32
		{EE14E66F-FA9D-4FCE-9138-88540A11A048}.Debug|x64.ActiveCfg = Debug|x64
		{EE14E66F-FA9D-4FCE-9138-88540A11A048}.Debug|x64.Build.0 = Debug|x64
		{EE14E66F-FA9D-4FCE-9138-88540A11A048}.Debug|x86.ActiveCfg = Debug|Win32
		{EE14E66F-FA9D-4FCE-9138-88540A11A048}.Debug|x86.Build.0 = Debug|Win32
		{EE14E66F-FA9D-4FCE-9138-88540A11A048}.Release|x64.ActiveCfg = Release|x64
		{EE14E66F-FA9D-4FCE-9138-88540A11A048}.Release|x64.Build.0 = Release|x64
		{EE14E66F-FA9D-4FCE-9138-88540A11A048}.Release|x86.ActiveCfg = Release|Win32
		{EE14E66F-FA9D-4FCE-9138-88540A11A048}.Release|x86.Build.0 = Release|Win32
		{B75622B6-9BB7-47D7-AF1F-ECC8DA9495C9}.Debug|x64.ActiveCfg = Debug|x64
		{B75622B6-9BB7-47D7-AF1F-ECC8DA9495C9}.Debug|x64.Build.0 = Debug|x64
		{B75622B6-9BB7-47D7-AF1F-ECC8DA9495C9}.Debug|x86.ActiveCfg = Debug|Win32
		{B75622B6-9BB7-47D7-AF1F-ECC8DA9495C9}.Debug|x86.Build.0 = Debug|Win32
		{B75622B6-9BB7-47D7-AF1F-ECC8DA9495C9}.Release|x64.ActiveCfg = Release|x64
		{B75622B6-9BB7-47D7-AF1F-ECC8DA9495C9}.Release|x64.Build.0 = Release|x64
		{B75622B6-9BB7-47D7-AF1F-ECC8DA9495C9}.Release|x86.ActiveCfg = Release|Win32
		{B75622B6-9BB7-47D7-AF1F-ECC8DA9495C9}.Release|x86.Build.0 = Release|Win32
		{F30DC10C-A865-4724-90A4-40C4E4BEF854}.Debug|x64.ActiveCfg = Debug|x64
		{F30DC10C-A865-4724-90A4-40C4E4BEF854}.Debug|x64.Build.0 = Debug|x64
		{F30DC10C-A865-4724-90A4-40C4E4BEF854}.Debug|x86.ActiveCfg = Debug|Win32
		{F30DC10C-A865-4724-90A4-40C4E4BEF854}.Debug|x86.Build.0 = Debug|Win32
		{F30DC10C-A865-4724-90A4-40C4E4BEF854}.Release|x64.ActiveCfg = Release|x64
		{F30DC10C-A865-4724-90A4-40C4E4BEF854}.Release|x64.Build.0 = Release|x64
		{F30DC10C-A865-4724-90A4-40C4E4BEF854}.Release|x86.ActiveCfg = Release|Win32
		{F30DC10C-A865-4724-90A4-40C4E4BEF854}.Release|x86.Build.0 = Release|Win32
		{7BF5249A-216F-4E57-B4CC-673207D0EE0D}.Debug|x64.ActiveCfg = Debug|x64
		{7BF5249A-216F-4E57-B4CC-673207D0EE0D}.Debug|x64.Build.0 = Debug|x64
		{7BF5249A-216F-4E57-B4CC-673207D0EE0D}.Debug|x86.ActiveCfg = Debug|Win32
		{7BF5249A-216F-4E57-B4CC-673207D0EE0D}.Debug|x86.Build.0 = Debug|Win32
		{7BF5249A-216F-4E57-B4CC-673207D0EE0D}.Release|x64.ActiveCfg = Release|x64
		{7BF5249A-216F-4E57-B4CC-673207D0EE0D}.Release|x64.Build.0 = Release|x64
		{7BF5249A-216F-4E57-B4CC-673207D0EE0D}.Release|x86.ActiveCfg = Release|Win32
		{7BF5249A-216F-4E57-B4CC-673207D0EE0D}.Release|x86.Build.0 = Release|Win32
	EndGlobalSection
	GlobalSection(SolutionProperties) = preSolution
		HideSolutionNode = FALSE
	EndGlobalSection
	GlobalSection(NestedProjects) = preSolution
		{D804671C-CB48-4021-AE0A-BEE1F8697D92} = {85C8BB2E-2987-4B6A-BD7C-D8F7F62719D2}
		{900D0A65-0525-49A9-9380-C2726C2CAD47} = {DFBBEBE6-6A5B-4AE8-82F7-05D05F9CC4E7}
		{1A7D7784-2365-4E2E-8C4A-1BE05BFCDA0B} = {85C8BB2E-2987-4B6A-BD7C-D8F7F62719D2}
		{3F95F9CD-8200-4BD6-BEFE-FD99739906E3} = {3B6B7282-FF6C-40D8-925D-E9D09A7BE70C}
		{D3C2FF2B-B189-43AA-A918-EB685C5BAAC5} = {A833C53A-D9EE-4BF4-A056-07E4BE671797}
		{D5D746FE-797E-460B-82B2-A9E49C8647C2} = {DFBBEBE6-6A5B-4AE8-82F7-05D05F9CC4E7}
		{CE31A245-19E0-49A3-87F7-92E13F86C08A} = {85C8BB2E-2987-4B6A-BD7C-D8F7F62719D2}
		{BF4CC6D2-173A-4BFC-BECD-03A5A650A58C} = {DFBBEBE6-6A5B-4AE8-82F7-05D05F9CC4E7}
		{E0B52AE7-E160-4D32-BF3F-910B785E5A8E} = {B7499B9B-96F3-405B-8F78-DE4450D2CBFC}
		{4F150A30-CECB-49D1-8283-6A3F57438CF5} = {B7499B9B-96F3-405B-8F78-DE4450D2CBFC}
		{63A0BB4E-F840-46A8-B7B8-5868EB2F6ED1} = {85C8BB2E-2987-4B6A-BD7C-D8F7F62719D2}
		{FE52EADD-DA9A-4B61-9717-F49FADBB0938} = {DFBBEBE6-6A5B-4AE8-82F7-05D05F9CC4E7}
		{3AB8D34D-B4B6-471B-968E-16F6DC62C0E2} = {DFBBEBE6-6A5B-4AE8-82F7-05D05F9CC4E7}
		{A7DEE878-4247-43A1-A482-9E366E77F403} = {2CE512C2-D24C-404A-97E1-078F908449B5}
		{C449FF96-CA5E-4740-8005-AB8801E436F3} = {DFBBEBE6-6A5B-4AE8-82F7-05D05F9CC4E7}
		{647C8E62-F7CB-4634-B4BF-E80C53C6C576} = {DFBBEBE6-6A5B-4AE8-82F7-05D05F9CC4E7}
		{D3A8D596-1E7E-4880-8F1B-C49254434990} = {B7499B9B-96F3-405B-8F78-DE4450D2CBFC}
		{BEB445DE-7376-490F-A389-DA1BD6AAF087} = {DFBBEBE6-6A5B-4AE8-82F7-05D05F9CC4E7}
		{3CF11F28-2933-441D-AA6A-5EE8A96D528D} = {3AA04166-F5FF-4919-B1F8-B3B5B01642C2}
		{3CA5051C-39D4-47B4-A9B7-D011E478FD00} = {3AA04166-F5FF-4919-B1F8-B3B5B01642C2}
		{5B9E165E-4CBB-4067-AD7A-285AD1F122E5} = {3AA04166-F5FF-4919-B1F8-B3B5B01642C2}
		{0B3F4CD8-3150-4324-806C-E0A45B0DD79B} = {3AA04166-F5FF-4919-B1F8-B3B5B01642C2}
		{397DAA89-40D6-4DA4-9F06-E94DF2AF8C1B} = {3AA04166-F5FF-4919-B1F8-B3B5B01642C2}
		{F8A0A251-79ED-4B81-B9D6-BEC88C6D22C7} = {3AA04166-F5FF-4919-B1F8-B3B5B01642C2}
		{A0999678-1ED2-4DB7-AE93-C7ACF8404D57} = {F18E961E-6523-44C5-BC12-1B8CFC8E1752}
		{C21C9C68-ACCB-4575-83CF-4A0E5DB739A8} = {F18E961E-6523-44C5-BC12-1B8CFC8E1752}
		{1F6C6E1D-F464-4597-9985-5E027A038979} = {65F8F6A7-5F4C-4C0A-9D5D-E45B0403B87F}
		{8163CD1B-6C4B-4F10-BB07-D06F879F0B4D} = {F18E961E-6523-44C5-BC12-1B8CFC8E1752}
		{2196E613-8969-43E7-BE65-307D0513A279} = {3B6B7282-FF6C-40D8-925D-E9D09A7BE70C}
		{0052B14F-0FD6-40F5-9966-2808F255E10C} = {7BF82967-A675-4F33-A509-8742F9DAF57C}
		{7D9D4FF9-8516-4A3A-B00A-A5475CDF0B4B} = {2CE512C2-D24C-404A-97E1-078F908449B5}
		{AEFE09D8-28C6-440C-ADA2-BE1C052BA84D} = {0902A068-E2B5-414D-9BBE-659CD4951CE5}
		{022F5B8D-89F3-477E-8FC6-D8BEE595ED2D} = {85C8BB2E-2987-4B6A-BD7C-D8F7F62719D2}
		{92B3120A-42CF-4E8E-8EC4-ACF083983A4D} = {0902A068-E2B5-414D-9BBE-659CD4951CE5}
		{0902A068-E2B5-414D-9BBE-659CD4951CE5} = {A6C37A33-A90D-4061-9280-AB8A4D4634D5}
		{90A5D5BE-84F2-42DA-801D-E01E640461AF} = {A6C37A33-A90D-4061-9280-AB8A4D4634D5}
		{6920D02F-C654-4335-8395-778CCBEB75BB} = {90A5D5BE-84F2-42DA-801D-E01E640461AF}
		{1C4FE7D5-3B04-424C-AAAD-CF82CDBDF4B5} = {A6C37A33-A90D-4061-9280-AB8A4D4634D5}
		{C7D78C7D-BCDC-4449-99C6-2B5B0DBFCBC0} = {1C4FE7D5-3B04-424C-AAAD-CF82CDBDF4B5}
		{EE14E66F-FA9D-4FCE-9138-88540A11A048} = {1C4FE7D5-3B04-424C-AAAD-CF82CDBDF4B5}
		{1CD84B00-8D64-4B00-8C94-BBE66AEA0FA7} = {A6C37A33-A90D-4061-9280-AB8A4D4634D5}
		{B75622B6-9BB7-47D7-AF1F-ECC8DA9495C9} = {1CD84B00-8D64-4B00-8C94-BBE66AEA0FA7}
		{F30DC10C-A865-4724-90A4-40C4E4BEF854} = {1CD84B00-8D64-4B00-8C94-BBE66AEA0FA7}
		{7BF5249A-216F-4E57-B4CC-673207D0EE0D} = {3AA04166-F5FF-4919-B1F8-B3B5B01642C2}
	EndGlobalSection
	GlobalSection(ExtensibilityGlobals) = postSolution
		SolutionGuid = {DBA2153D-BA02-4997-929D-3613DD1E6841}
	EndGlobalSection
EndGlobal
