<?xml version="1.0" encoding="utf-8"?>
<Project ToolsVersion="4.0" xmlns="http://schemas.microsoft.com/developer/msbuild/2003">
  <ItemGroup>
    <Filter Include="Inc">
      <UniqueIdentifier>{55e77775-588f-411b-94d6-641e58dd3d40}</UniqueIdentifier>
    </Filter>
    <Filter Include="Src">
      <UniqueIdentifier>{7f2adcc2-5fee-4e7c-bd9b-8ff31ccc9849}</UniqueIdentifier>
    </Filter>
    <Filter Include="Inc\World">
      <UniqueIdentifier>{ca81d2a6-9f04-449a-84bd-6c4fbbcf690a}</UniqueIdentifier>
    </Filter>
    <Filter Include="Src\World">
      <UniqueIdentifier>{fc0c3623-7736-4a20-82f9-226dbe0b8f60}</UniqueIdentifier>
    </Filter>
    <Filter Include="Src\Pch">
      <UniqueIdentifier>{f2922bc9-d199-4c94-bc16-662af55e13c2}</UniqueIdentifier>
    </Filter>
    <Filter Include="Src\Pathfinding">
      <UniqueIdentifier>{52ea7c89-e2af-40a9-a0a4-2dc40a1b5dae}</UniqueIdentifier>
    </Filter>
    <Filter Include="Inc\Pathfinding">
      <UniqueIdentifier>{5a2e825e-0a99-490d-8365-db064746188c}</UniqueIdentifier>
    </Filter>
    <Filter Include="Inc\FSM">
      <UniqueIdentifier>{0b389a0b-f2da-4aea-ac1b-d9d917912cd2}</UniqueIdentifier>
    </Filter>
    <Filter Include="Inc\Steering">
      <UniqueIdentifier>{2c1283d5-43d4-435d-8e6d-7177a8956e52}</UniqueIdentifier>
    </Filter>
    <Filter Include="Src\Steering">
      <UniqueIdentifier>{e3e0b5fb-29fd-4023-b9a8-e8c427fa9438}</UniqueIdentifier>
    </Filter>
    <Filter Include="Inc\Utils">
      <UniqueIdentifier>{8f765ad0-6b55-427b-8a6c-3cb7d0b5238a}</UniqueIdentifier>
    </Filter>
    <Filter Include="Inc\Perception">
      <UniqueIdentifier>{08e56567-8e87-4871-b9d8-58e5366f539e}</UniqueIdentifier>
    </Filter>
    <Filter Include="Src\Perception">
      <UniqueIdentifier>{0e700f30-33cc-4a7d-b7ba-343d8d3a35a9}</UniqueIdentifier>
    </Filter>
  </ItemGroup>
  <ItemGroup>
    <ClInclude Include="Inc\AI.h">
      <Filter>Inc</Filter>
    </ClInclude>
    <ClInclude Include="Inc\Entity.h">
      <Filter>Inc\World</Filter>
    </ClInclude>
    <ClInclude Include="Inc\Agent.h">
      <Filter>Inc\World</Filter>
    </ClInclude>
    <ClInclude Include="Inc\AIWorld.h">
      <Filter>Inc\World</Filter>
    </ClInclude>
    <ClInclude Include="Src\Precompiled.h">
      <Filter>Src\Pch</Filter>
    </ClInclude>
    <ClInclude Include="Inc\State.h">
      <Filter>Inc\FSM</Filter>
    </ClInclude>
    <ClInclude Include="Inc\StateMachine.h">
      <Filter>Inc\FSM</Filter>
    </ClInclude>
    <ClInclude Include="Inc\AStar.h">
      <Filter>Inc\Pathfinding</Filter>
    </ClInclude>
    <ClInclude Include="Inc\BFS.h">
      <Filter>Inc\Pathfinding</Filter>
    </ClInclude>
    <ClInclude Include="Inc\DFS.h">
      <Filter>Inc\Pathfinding</Filter>
    </ClInclude>
    <ClInclude Include="Inc\Dijkstra.h">
      <Filter>Inc\Pathfinding</Filter>
    </ClInclude>
    <ClInclude Include="Inc\GridBasedGraph.h">
      <Filter>Inc\Pathfinding</Filter>
    </ClInclude>
    <ClInclude Include="Inc\SteeringBehavior.h">
      <Filter>Inc\Steering</Filter>
    </ClInclude>
    <ClInclude Include="Inc\SteeringModule.h">
      <Filter>Inc\Steering</Filter>
    </ClInclude>
    <ClInclude Include="Inc\Common.h">
      <Filter>Inc</Filter>
    </ClInclude>
    <ClInclude Include="Inc\SeekBehavior.h">
      <Filter>Inc\Steering</Filter>
    </ClInclude>
    <ClInclude Include="Inc\WanderBehavior.h">
      <Filter>Inc\Steering</Filter>
    </ClInclude>
    <ClInclude Include="Inc\SeparationBehavior.h">
      <Filter>Inc\Steering</Filter>
    </ClInclude>
    <ClInclude Include="Inc\PartitionGrid.h">
      <Filter>Inc\Utils</Filter>
    </ClInclude>
    <ClInclude Include="Inc\ObstacleAvoidance.h">
      <Filter>Inc\Steering</Filter>
    </ClInclude>
    <ClInclude Include="Inc\ArriveBehavior.h">
      <Filter>Inc\Steering</Filter>
    </ClInclude>
    <ClInclude Include="Inc\FleeBehavior.h">
      <Filter>Inc\Steering</Filter>
    </ClInclude>
    <ClInclude Include="Inc\PerceptionModule.h">
      <Filter>Inc\Perception</Filter>
    </ClInclude>
    <ClInclude Include="Inc\Sensor.h">
      <Filter>Inc\Perception</Filter>
    </ClInclude>
    <ClInclude Include="Inc\MemoryRecord.h">
      <Filter>Inc\Perception</Filter>
    </ClInclude>
    <ClInclude Include="Inc\AlignmentBehavior.h">
      <Filter>Inc\Steering</Filter>
    </ClInclude>
    <ClInclude Include="Inc\CohesionBehavior.h">
      <Filter>Inc\Steering</Filter>
    </ClInclude>
    <ClInclude Include="Inc\DecisionModule.h">
      <Filter>Inc\Perception</Filter>
    </ClInclude>
    <ClInclude Include="Inc\Goal.h">
      <Filter>Inc\Perception</Filter>
    </ClInclude>
    <ClInclude Include="Inc\GoalComposite.h">
      <Filter>Inc\Perception</Filter>
    </ClInclude>
    <ClInclude Include="Inc\Strategy.h">
      <Filter>Inc\Perception</Filter>
    </ClInclude>
  </ItemGroup>
  <ItemGroup>
    <ClCompile Include="Src\Entity.cpp">
      <Filter>Src\World</Filter>
    </ClCompile>
    <ClCompile Include="Src\AIWorld.cpp">
      <Filter>Src\World</Filter>
    </ClCompile>
    <ClCompile Include="Src\Precompiled.cpp">
      <Filter>Src\Pch</Filter>
    </ClCompile>
    <ClCompile Include="Src\AStar.cpp">
      <Filter>Src\Pathfinding</Filter>
    </ClCompile>
    <ClCompile Include="Src\BFS.cpp">
      <Filter>Src\Pathfinding</Filter>
    </ClCompile>
    <ClCompile Include="Src\DFS.cpp">
      <Filter>Src\Pathfinding</Filter>
    </ClCompile>
    <ClCompile Include="Src\Dijkstra.cpp">
      <Filter>Src\Pathfinding</Filter>
    </ClCompile>
    <ClCompile Include="Src\GridBasedGraph.cpp">
      <Filter>Src\Pathfinding</Filter>
    </ClCompile>
    <ClCompile Include="Src\SteeringModule.cpp">
      <Filter>Src\Steering</Filter>
    </ClCompile>
    <ClCompile Include="Src\SeekBehavior.cpp">
      <Filter>Src\Steering</Filter>
    </ClCompile>
    <ClCompile Include="Src\WanderBehavior.cpp">
      <Filter>Src\Steering</Filter>
    </ClCompile>
    <ClCompile Include="Src\SeparationBehavior.cpp">
      <Filter>Src\Steering</Filter>
    </ClCompile>
    <ClCompile Include="Src\ObstacleAvoidance.cpp">
      <Filter>Src\Steering</Filter>
    </ClCompile>
    <ClCompile Include="Src\ArriveBehavior.cpp">
      <Filter>Src\Steering</Filter>
    </ClCompile>
    <ClCompile Include="Src\FleeBehavior.cpp">
      <Filter>Src\Steering</Filter>
    </ClCompile>
    <ClCompile Include="Src\PerceptionModule.cpp">
      <Filter>Src\Perception</Filter>
    </ClCompile>
    <ClCompile Include="Src\AlignmentBehavior.cpp">
      <Filter>Src\Steering</Filter>
    </ClCompile>
    <ClCompile Include="Src\CohesionBehavior.cpp">
      <Filter>Src\Steering</Filter>
    </ClCompile>
  </ItemGroup>
</Project>